// !$*UTF8*$!
{
	archiveVersion = 1;
	classes = {
	};
	objectVersion = 50;
	objects = {

/* Begin PBXBuildFile section */
		6DBE379E230B0112000BE67A /* AppDelegate.swift in Sources */ = {isa = PBXBuildFile; fileRef = 6DBE379D230B0112000BE67A /* AppDelegate.swift */; };
		6DBE37A0230B0112000BE67A /* ViewController.swift in Sources */ = {isa = PBXBuildFile; fileRef = 6DBE379F230B0112000BE67A /* ViewController.swift */; };
		6DBE37A3230B0112000BE67A /* Main.storyboard in Resources */ = {isa = PBXBuildFile; fileRef = 6DBE37A1230B0112000BE67A /* Main.storyboard */; };
		6DBE37A5230B0116000BE67A /* Assets.xcassets in Resources */ = {isa = PBXBuildFile; fileRef = 6DBE37A4230B0116000BE67A /* Assets.xcassets */; };
		6DBE37A8230B0116000BE67A /* LaunchScreen.storyboard in Resources */ = {isa = PBXBuildFile; fileRef = 6DBE37A6230B0116000BE67A /* LaunchScreen.storyboard */; };
		6DBE37B1230B0975000BE67A /* MenuViewController.swift in Sources */ = {isa = PBXBuildFile; fileRef = 6DBE37B0230B0975000BE67A /* MenuViewController.swift */; };
		6DBE37B4230B0B7D000BE67A /* SlideInAnimation.swift in Sources */ = {isa = PBXBuildFile; fileRef = 6DBE37B3230B0B7D000BE67A /* SlideInAnimation.swift */; };
		6DBE37B7230B1BF5000BE67A /* WebkitExtenstion.swift in Sources */ = {isa = PBXBuildFile; fileRef = 6DBE37B6230B1BF4000BE67A /* WebkitExtenstion.swift */; };
/* End PBXBuildFile section */

/* Begin PBXFileReference section */
		6DBE379A230B0112000BE67A /* WKWebview.app */ = {isa = PBXFileReference; explicitFileType = wrapper.application; includeInIndex = 0; path = WKWebview.app; sourceTree = BUILT_PRODUCTS_DIR; };
		6DBE379D230B0112000BE67A /* AppDelegate.swift */ = {isa = PBXFileReference; lastKnownFileType = sourcecode.swift; path = AppDelegate.swift; sourceTree = "<group>"; };
		6DBE379F230B0112000BE67A /* ViewController.swift */ = {isa = PBXFileReference; lastKnownFileType = sourcecode.swift; path = ViewController.swift; sourceTree = "<group>"; };
		6DBE37A2230B0112000BE67A /* Base */ = {isa = PBXFileReference; lastKnownFileType = file.storyboard; name = Base; path = Base.lproj/Main.storyboard; sourceTree = "<group>"; };
		6DBE37A4230B0116000BE67A /* Assets.xcassets */ = {isa = PBXFileReference; lastKnownFileType = folder.assetcatalog; path = Assets.xcassets; sourceTree = "<group>"; };
		6DBE37A7230B0116000BE67A /* Base */ = {isa = PBXFileReference; lastKnownFileType = file.storyboard; name = Base; path = Base.lproj/LaunchScreen.storyboard; sourceTree = "<group>"; };
		6DBE37A9230B0116000BE67A /* Info.plist */ = {isa = PBXFileReference; lastKnownFileType = text.plist.xml; path = Info.plist; sourceTree = "<group>"; };
		6DBE37B0230B0975000BE67A /* MenuViewController.swift */ = {isa = PBXFileReference; lastKnownFileType = sourcecode.swift; path = MenuViewController.swift; sourceTree = "<group>"; };
		6DBE37B3230B0B7D000BE67A /* SlideInAnimation.swift */ = {isa = PBXFileReference; lastKnownFileType = sourcecode.swift; path = SlideInAnimation.swift; sourceTree = "<group>"; };
		6DBE37B6230B1BF4000BE67A /* WebkitExtenstion.swift */ = {isa = PBXFileReference; lastKnownFileType = sourcecode.swift; path = WebkitExtenstion.swift; sourceTree = "<group>"; };
/* End PBXFileReference section */

/* Begin PBXFrameworksBuildPhase section */
		6DBE3797230B0112000BE67A /* Frameworks */ = {
			isa = PBXFrameworksBuildPhase;
			buildActionMask = 2147483647;
			files = (
			);
			runOnlyForDeploymentPostprocessing = 0;
		};
/* End PBXFrameworksBuildPhase section */

/* Begin PBXGroup section */
		6DBE3791230B0112000BE67A = {
			isa = PBXGroup;
			children = (
				6DBE379C230B0112000BE67A /* WKWebview */,
				6DBE379B230B0112000BE67A /* Products */,
			);
			sourceTree = "<group>";
		};
		6DBE379B230B0112000BE67A /* Products */ = {
			isa = PBXGroup;
			children = (
				6DBE379A230B0112000BE67A /* WKWebview.app */,
			);
			name = Products;
			sourceTree = "<group>";
		};
		6DBE379C230B0112000BE67A /* WKWebview */ = {
			isa = PBXGroup;
			children = (
				6DBE37B5230B1BD5000BE67A /* utilis */,
				6DBE37B2230B0B61000BE67A /* View */,
				6DBE37AF230B0935000BE67A /* Controller */,
				6DBE379D230B0112000BE67A /* AppDelegate.swift */,
				6DBE37A1230B0112000BE67A /* Main.storyboard */,
				6DBE37A4230B0116000BE67A /* Assets.xcassets */,
				6DBE37A6230B0116000BE67A /* LaunchScreen.storyboard */,
				6DBE37A9230B0116000BE67A /* Info.plist */,
			);
			path = WKWebview;
			sourceTree = "<group>";
		};
		6DBE37AF230B0935000BE67A /* Controller */ = {
			isa = PBXGroup;
			children = (
				6DBE379F230B0112000BE67A /* ViewController.swift */,
				6DBE37B0230B0975000BE67A /* MenuViewController.swift */,
			);
			path = Controller;
			sourceTree = "<group>";
		};
		6DBE37B2230B0B61000BE67A /* View */ = {
			isa = PBXGroup;
			children = (
				6DBE37B3230B0B7D000BE67A /* SlideInAnimation.swift */,
			);
			path = View;
			sourceTree = "<group>";
		};
		6DBE37B5230B1BD5000BE67A /* utilis */ = {
			isa = PBXGroup;
			children = (
				6DBE37B6230B1BF4000BE67A /* WebkitExtenstion.swift */,
			);
			path = utilis;
			sourceTree = "<group>";
		};
/* End PBXGroup section */

/* Begin PBXNativeTarget section */
		6DBE3799230B0112000BE67A /* WKWebview */ = {
			isa = PBXNativeTarget;
			buildConfigurationList = 6DBE37AC230B0116000BE67A /* Build configuration list for PBXNativeTarget "WKWebview" */;
			buildPhases = (
				6DBE3796230B0112000BE67A /* Sources */,
				6DBE3797230B0112000BE67A /* Frameworks */,
				6DBE3798230B0112000BE67A /* Resources */,
			);
			buildRules = (
			);
			dependencies = (
			);
			name = WKWebview;
			productName = WKWebview;
			productReference = 6DBE379A230B0112000BE67A /* WKWebview.app */;
			productType = "com.apple.product-type.application";
		};
/* End PBXNativeTarget section */

/* Begin PBXProject section */
		6DBE3792230B0112000BE67A /* Project object */ = {
			isa = PBXProject;
			attributes = {
				LastSwiftUpdateCheck = 1000;
				LastUpgradeCheck = 1000;
				ORGANIZATIONNAME = erez8;
				TargetAttributes = {
					6DBE3799230B0112000BE67A = {
						CreatedOnToolsVersion = 10.0;
					};
				};
			};
			buildConfigurationList = 6DBE3795230B0112000BE67A /* Build configuration list for PBXProject "WKWebview" */;
			compatibilityVersion = "Xcode 9.3";
			developmentRegion = en;
			hasScannedForEncodings = 0;
			knownRegions = (
				en,
				Base,
			);
			mainGroup = 6DBE3791230B0112000BE67A;
			productRefGroup = 6DBE379B230B0112000BE67A /* Products */;
			projectDirPath = "";
			projectRoot = "";
			targets = (
				6DBE3799230B0112000BE67A /* WKWebview */,
			);
		};
/* End PBXProject section */

/* Begin PBXResourcesBuildPhase section */
		6DBE3798230B0112000BE67A /* Resources */ = {
			isa = PBXResourcesBuildPhase;
			buildActionMask = 2147483647;
			files = (
				6DBE37A8230B0116000BE67A /* LaunchScreen.storyboard in Resources */,
				6DBE37A5230B0116000BE67A /* Assets.xcassets in Resources */,
				6DBE37A3230B0112000BE67A /* Main.storyboard in Resources */,
			);
			runOnlyForDeploymentPostprocessing = 0;
		};
/* End PBXResourcesBuildPhase section */

/* Begin PBXSourcesBuildPhase section */
		6DBE3796230B0112000BE67A /* Sources */ = {
			isa = PBXSourcesBuildPhase;
			buildActionMask = 2147483647;
			files = (
				6DBE37A0230B0112000BE67A /* ViewController.swift in Sources */,
				6DBE37B4230B0B7D000BE67A /* SlideInAnimation.swift in Sources */,
				6DBE37B1230B0975000BE67A /* MenuViewController.swift in Sources */,
				6DBE379E230B0112000BE67A /* AppDelegate.swift in Sources */,
				6DBE37B7230B1BF5000BE67A /* WebkitExtenstion.swift in Sources */,
			);
			runOnlyForDeploymentPostprocessing = 0;
		};
/* End PBXSourcesBuildPhase section */

/* Begin PBXVariantGroup section */
		6DBE37A1230B0112000BE67A /* Main.storyboard */ = {
			isa = PBXVariantGroup;
			children = (
				6DBE37A2230B0112000BE67A /* Base */,
			);
			name = Main.storyboard;
			sourceTree = "<group>";
		};
		6DBE37A6230B0116000BE67A /* LaunchScreen.storyboard */ = {
			isa = PBXVariantGroup;
			children = (
				6DBE37A7230B0116000BE67A /* Base */,
			);
			name = LaunchScreen.storyboard;
			sourceTree = "<group>";
		};
/* End PBXVariantGroup section */

/* Begin XCBuildConfiguration section */
		6DBE37AA230B0116000BE67A /* Debug */ = {
			isa = XCBuildConfiguration;
			buildSettings = {
				ALWAYS_SEARCH_USER_PATHS = NO;
				CLANG_ANALYZER_NONNULL = YES;
				CLANG_ANALYZER_NUMBER_OBJECT_CONVERSION = YES_AGGRESSIVE;
				CLANG_CXX_LANGUAGE_STANDARD = "gnu++14";
				CLANG_CXX_LIBRARY = "libc++";
				CLANG_ENABLE_MODULES = YES;
				CLANG_ENABLE_OBJC_ARC = YES;
				CLANG_ENABLE_OBJC_WEAK = YES;
				CLANG_WARN_BLOCK_CAPTURE_AUTORELEASING = YES;
				CLANG_WARN_BOOL_CONVERSION = YES;
				CLANG_WARN_COMMA = YES;
				CLANG_WARN_CONSTANT_CONVERSION = YES;
				CLANG_WARN_DEPRECATED_OBJC_IMPLEMENTATIONS = YES;
				CLANG_WARN_DIRECT_OBJC_ISA_USAGE = YES_ERROR;
				CLANG_WARN_DOCUMENTATION_COMMENTS = YES;
				CLANG_WARN_EMPTY_BODY = YES;
				CLANG_WARN_ENUM_CONVERSION = YES;
				CLANG_WARN_INFINITE_RECURSION = YES;
				CLANG_WARN_INT_CONVERSION = YES;
				CLANG_WARN_NON_LITERAL_NULL_CONVERSION = YES;
				CLANG_WARN_OBJC_IMPLICIT_RETAIN_SELF = YES;
				CLANG_WARN_OBJC_LITERAL_CONVERSION = YES;
				CLANG_WARN_OBJC_ROOT_CLASS = YES_ERROR;
				CLANG_WARN_RANGE_LOOP_ANALYSIS = YES;
				CLANG_WARN_STRICT_PROTOTYPES = YES;
				CLANG_WARN_SUSPICIOUS_MOVE = YES;
				CLANG_WARN_UNGUARDED_AVAILABILITY = YES_AGGRESSIVE;
				CLANG_WARN_UNREACHABLE_CODE = YES;
				CLANG_WARN__DUPLICATE_METHOD_MATCH = YES;
				CODE_SIGN_IDENTITY = "iPhone Developer";
				COPY_PHASE_STRIP = NO;
				DEBUG_INFORMATION_FORMAT = dwarf;
				ENABLE_STRICT_OBJC_MSGSEND = YES;
				ENABLE_TESTABILITY = YES;
				GCC_C_LANGUAGE_STANDARD = gnu11;
				GCC_DYNAMIC_NO_PIC = NO;
				GCC_NO_COMMON_BLOCKS = YES;
				GCC_OPTIMIZATION_LEVEL = 0;
				GCC_PREPROCESSOR_DEFINITIONS = (
					"DEBUG=1",
					"$(inherited)",
				);
				GCC_WARN_64_TO_32_BIT_CONVERSION = YES;
				GCC_WARN_ABOUT_RETURN_TYPE = YES_ERROR;
				GCC_WARN_UNDECLARED_SELECTOR = YES;
				GCC_WARN_UNINITIALIZED_AUTOS = YES_AGGRESSIVE;
				GCC_WARN_UNUSED_FUNCTION = YES;
				GCC_WARN_UNUSED_VARIABLE = YES;
				IPHONEOS_DEPLOYMENT_TARGET = 12.0;
				MTL_ENABLE_DEBUG_INFO = INCLUDE_SOURCE;
				MTL_FAST_MATH = YES;
				ONLY_ACTIVE_ARCH = YES;
				SDKROOT = iphoneos;
				SWIFT_ACTIVE_COMPILATION_CONDITIONS = DEBUG;
				SWIFT_OPTIMIZATION_LEVEL = "-Onone";
			};
			name = Debug;
		};
		6DBE37AB230B0116000BE67A /* Release */ = {
			isa = XCBuildConfiguration;
			buildSettings = {
				ALWAYS_SEARCH_USER_PATHS = NO;
				CLANG_ANALYZER_NONNULL = YES;
				CLANG_ANALYZER_NUMBER_OBJECT_CONVERSION = YES_AGGRESSIVE;
				CLANG_CXX_LANGUAGE_STANDARD = "gnu++14";
				CLANG_CXX_LIBRARY = "libc++";
				CLANG_ENABLE_MODULES = YES;
				CLANG_ENABLE_OBJC_ARC = YES;
				CLANG_ENABLE_OBJC_WEAK = YES;
				CLANG_WARN_BLOCK_CAPTURE_AUTORELEASING = YES;
				CLANG_WARN_BOOL_CONVERSION = YES;
				CLANG_WARN_COMMA = YES;
				CLANG_WARN_CONSTANT_CONVERSION = YES;
				CLANG_WARN_DEPRECATED_OBJC_IMPLEMENTATIONS = YES;
				CLANG_WARN_DIRECT_OBJC_ISA_USAGE = YES_ERROR;
				CLANG_WARN_DOCUMENTATION_COMMENTS = YES;
				CLANG_WARN_EMPTY_BODY = YES;
				CLANG_WARN_ENUM_CONVERSION = YES;
				CLANG_WARN_INFINITE_RECURSION = YES;
				CLANG_WARN_INT_CONVERSION = YES;
				CLANG_WARN_NON_LITERAL_NULL_CONVERSION = YES;
				CLANG_WARN_OBJC_IMPLICIT_RETAIN_SELF = YES;
				CLANG_WARN_OBJC_LITERAL_CONVERSION = YES;
				CLANG_WARN_OBJC_ROOT_CLASS = YES_ERROR;
				CLANG_WARN_RANGE_LOOP_ANALYSIS = YES;
				CLANG_WARN_STRICT_PROTOTYPES = YES;
				CLANG_WARN_SUSPICIOUS_MOVE = YES;
				CLANG_WARN_UNGUARDED_AVAILABILITY = YES_AGGRESSIVE;
				CLANG_WARN_UNREACHABLE_CODE = YES;
				CLANG_WARN__DUPLICATE_METHOD_MATCH = YES;
				CODE_SIGN_IDENTITY = "iPhone Developer";
				COPY_PHASE_STRIP = NO;
				DEBUG_INFORMATION_FORMAT = "dwarf-with-dsym";
				ENABLE_NS_ASSERTIONS = NO;
				ENABLE_STRICT_OBJC_MSGSEND = YES;
				GCC_C_LANGUAGE_STANDARD = gnu11;
				GCC_NO_COMMON_BLOCKS = YES;
				GCC_WARN_64_TO_32_BIT_CONVERSION = YES;
				GCC_WARN_ABOUT_RETURN_TYPE = YES_ERROR;
				GCC_WARN_UNDECLARED_SELECTOR = YES;
				GCC_WARN_UNINITIALIZED_AUTOS = YES_AGGRESSIVE;
				GCC_WARN_UNUSED_FUNCTION = YES;
				GCC_WARN_UNUSED_VARIABLE = YES;
				IPHONEOS_DEPLOYMENT_TARGET = 12.0;
				MTL_ENABLE_DEBUG_INFO = NO;
				MTL_FAST_MATH = YES;
				SDKROOT = iphoneos;
				SWIFT_COMPILATION_MODE = wholemodule;
				SWIFT_OPTIMIZATION_LEVEL = "-O";
				VALIDATE_PRODUCT = YES;
			};
			name = Release;
		};
		6DBE37AD230B0116000BE67A /* Debug */ = {
			isa = XCBuildConfiguration;
			buildSettings = {
				ASSETCATALOG_COMPILER_APPICON_NAME = AppIcon;
				CODE_SIGN_STYLE = Automatic;
				INFOPLIST_FILE = WKWebview/Info.plist;
				LD_RUNPATH_SEARCH_PATHS = (
					"$(inherited)",
					"@executable_path/Frameworks",
				);
				PRODUCT_BUNDLE_IDENTIFIER = com.erez.WKWebview;
				PRODUCT_NAME = "$(TARGET_NAME)";
				SWIFT_VERSION = 4.2;
				TARGETED_DEVICE_FAMILY = "1,2";
			};
			name = Debug;
		};
		6DBE37AE230B0116000BE67A /* Release */ = {
			isa = XCBuildConfiguration;
			buildSettings = {
				ASSETCATALOG_COMPILER_APPICON_NAME = AppIcon;
				CODE_SIGN_STYLE = Automatic;
				INFOPLIST_FILE = WKWebview/Info.plist;
				LD_RUNPATH_SEARCH_PATHS = (
					"$(inherited)",
					"@executable_path/Frameworks",
				);
				PRODUCT_BUNDLE_IDENTIFIER = com.erez.WKWebview;
				PRODUCT_NAME = "$(TARGET_NAME)";
				SWIFT_VERSION = 4.2;
				TARGETED_DEVICE_FAMILY = "1,2";
			};
			name = Release;
		};
/* End XCBuildConfiguration section */

/* Begin XCConfigurationList section */
		6DBE3795230B0112000BE67A /* Build configuration list for PBXProject "WKWebview" */ = {
			isa = XCConfigurationList;
			buildConfigurations = (
				6DBE37AA230B0116000BE67A /* Debug */,
				6DBE37AB230B0116000BE67A /* Release */,
			);
			defaultConfigurationIsVisible = 0;
			defaultConfigurationName = Release;
		};
		6DBE37AC230B0116000BE67A /* Build configuration list for PBXNativeTarget "WKWebview" */ = {
			isa = XCConfigurationList;
			buildConfigurations = (
				6DBE37AD230B0116000BE67A /* Debug */,
				6DBE37AE230B0116000BE67A /* Release */,
			);
			defaultConfigurationIsVisible = 0;
			defaultConfigurationName = Release;
		};
/* End XCConfigurationList section */
	};
	rootObject = 6DBE3792230B0112000BE67A /* Project object */;
}
